
Microsoft Visual Studio Solution File, Format Version 12.00
# Visual Studio 15
VisualStudioVersion = 15.0.26124.0
MinimumVisualStudioVersion = 15.0.26124.0
Project("{2150E333-8FDC-42A3-9474-1A3956D46DE8}") = "src", "src", "{6058E3CA-1193-48D0-A6C2-0BC8BB1B2D70}"
EndProject
Project("{FAE04EC0-301F-11D3-BF4B-00C04F79EFBC}") = "Lab", "src\Lab\Lab.csproj", "{C13507A9-1B58-44A7-8768-3BA38DBEC09C}"
EndProject
Global
	GlobalSection(SolutionConfigurationPlatforms) = preSolution
		Debug|Any CPU = Debug|Any CPU
		Debug|x64 = Debug|x64
		Debug|x86 = Debug|x86
		Release|Any CPU = Release|Any CPU
		Release|x64 = Release|x64
		Release|x86 = Release|x86
	EndGlobalSection
	GlobalSection(SolutionProperties) = preSolution
		HideSolutionNode = FALSE
	EndGlobalSection
	GlobalSection(ProjectConfigurationPlatforms) = postSolution
		{C13507A9-1B58-44A7-8768-3BA38DBEC09C}.Debug|Any CPU.ActiveCfg = Debug|Any CPU
		{C13507A9-1B58-44A7-8768-3BA38DBEC09C}.Debug|Any CPU.Build.0 = Debug|Any CPU
		{C13507A9-1B58-44A7-8768-3BA38DBEC09C}.Debug|x64.ActiveCfg = Debug|Any CPU
		{C13507A9-1B58-44A7-8768-3BA38DBEC09C}.Debug|x64.Build.0 = Debug|Any CPU
		{C13507A9-1B58-44A7-8768-3BA38DBEC09C}.Debug|x86.ActiveCfg = Debug|Any CPU
		{C13507A9-1B58-44A7-8768-3BA38DBEC09C}.Debug|x86.Build.0 = Debug|Any CPU
		{C13507A9-1B58-44A7-8768-3BA38DBEC09C}.Release|Any CPU.ActiveCfg = Release|Any CPU
		{C13507A9-1B58-44A7-8768-3BA38DBEC09C}.Release|Any CPU.Build.0 = Release|Any CPU
		{C13507A9-1B58-44A7-8768-3BA38DBEC09C}.Release|x64.ActiveCfg = Release|Any CPU
		{C13507A9-1B58-44A7-8768-3BA38DBEC09C}.Release|x64.Build.0 = Release|Any CPU
		{C13507A9-1B58-44A7-8768-3BA38DBEC09C}.Release|x86.ActiveCfg = Release|Any CPU
		{C13507A9-1B58-44A7-8768-3BA38DBEC09C}.Release|x86.Build.0 = Release|Any CPU
	EndGlobalSection
	GlobalSection(NestedProjects) = preSolution
		{C13507A9-1B58-44A7-8768-3BA38DBEC09C} = {6058E3CA-1193-48D0-A6C2-0BC8BB1B2D70}
	EndGlobalSection
EndGlobal
